
Microsoft Visual Studio Solution File, Format Version 11.00
# Visual Studio 2010
Project("{FAE04EC0-301F-11D3-BF4B-00C04F79EFBC}") = "EditDistance", "EditDistance\EditDistance.csproj", "{11FBCDD8-3607-4914-ADC5-95A53E98CC16}"
EndProject
Global
	GlobalSection(SolutionConfigurationPlatforms) = preSolution
		Debug|x86 = Debug|x86
		Release|x86 = Release|x86
	EndGlobalSection
	GlobalSection(ProjectConfigurationPlatforms) = postSolution
		{11FBCDD8-3607-4914-ADC5-95A53E98CC16}.Debug|x86.ActiveCfg = Debug|x86
		{11FBCDD8-3607-4914-ADC5-95A53E98CC16}.Debug|x86.Build.0 = Debug|x86
		{11FBCDD8-3607-4914-ADC5-95A53E98CC16}.Release|x86.ActiveCfg = Release|x86
		{11FBCDD8-3607-4914-ADC5-95A53E98CC16}.Release|x86.Build.0 = Release|x86
	EndGlobalSection
	GlobalSection(MonoDevelopProperties) = preSolution
		StartupItem = EditDistance\EditDistance.csproj
	EndGlobalSection
EndGlobal
